
Microsoft Visual Studio Solution File, Format Version 12.00
# Visual Studio 15
VisualStudioVersion = 15.0.28307.136
MinimumVisualStudioVersion = 10.0.40219.1
Project("{FAE04EC0-301F-11D3-BF4B-00C04F79EFBC}") = "AllAboutGraphs", "AllAboutGraphs\AllAboutGraphs.csproj", "{60FF211B-7BCD-46EE-8AD4-EDCCDA827621}"
EndProject
Project("{FAE04EC0-301F-11D3-BF4B-00C04F79EFBC}") = "GraphDataStructure", "GraphDataStructure\GraphDataStructure.csproj", "{552D3024-EC8B-4835-9807-6F088254246F}"
EndProject
Project("{FAE04EC0-301F-11D3-BF4B-00C04F79EFBC}") = "DepthFirstSearch", "DepthFirstSearch\DepthFirstSearch.csproj", "{C329E6AC-F72A-43B2-B199-7F3E235BBD7A}"
EndProject
Project("{FAE04EC0-301F-11D3-BF4B-00C04F79EFBC}") = "ExtenstionsHelper", "ExtenstionsHelper\ExtenstionsHelper.csproj", "{15CE567E-21E4-48AD-8CFE-AA3CBFFCB5AF}"
EndProject
Global
	GlobalSection(SolutionConfigurationPlatforms) = preSolution
		Debug|Any CPU = Debug|Any CPU
		Release|Any CPU = Release|Any CPU
	EndGlobalSection
	GlobalSection(ProjectConfigurationPlatforms) = postSolution
		{60FF211B-7BCD-46EE-8AD4-EDCCDA827621}.Debug|Any CPU.ActiveCfg = Debug|Any CPU
		{60FF211B-7BCD-46EE-8AD4-EDCCDA827621}.Debug|Any CPU.Build.0 = Debug|Any CPU
		{60FF211B-7BCD-46EE-8AD4-EDCCDA827621}.Release|Any CPU.ActiveCfg = Release|Any CPU
		{60FF211B-7BCD-46EE-8AD4-EDCCDA827621}.Release|Any CPU.Build.0 = Release|Any CPU
		{552D3024-EC8B-4835-9807-6F088254246F}.Debug|Any CPU.ActiveCfg = Debug|Any CPU
		{552D3024-EC8B-4835-9807-6F088254246F}.Debug|Any CPU.Build.0 = Debug|Any CPU
		{552D3024-EC8B-4835-9807-6F088254246F}.Release|Any CPU.ActiveCfg = Release|Any CPU
		{552D3024-EC8B-4835-9807-6F088254246F}.Release|Any CPU.Build.0 = Release|Any CPU
		{C329E6AC-F72A-43B2-B199-7F3E235BBD7A}.Debug|Any CPU.ActiveCfg = Debug|Any CPU
		{C329E6AC-F72A-43B2-B199-7F3E235BBD7A}.Debug|Any CPU.Build.0 = Debug|Any CPU
		{C329E6AC-F72A-43B2-B199-7F3E235BBD7A}.Release|Any CPU.ActiveCfg = Release|Any CPU
		{C329E6AC-F72A-43B2-B199-7F3E235BBD7A}.Release|Any CPU.Build.0 = Release|Any CPU
		{15CE567E-21E4-48AD-8CFE-AA3CBFFCB5AF}.Debug|Any CPU.ActiveCfg = Debug|Any CPU
		{15CE567E-21E4-48AD-8CFE-AA3CBFFCB5AF}.Debug|Any CPU.Build.0 = Debug|Any CPU
		{15CE567E-21E4-48AD-8CFE-AA3CBFFCB5AF}.Release|Any CPU.ActiveCfg = Release|Any CPU
		{15CE567E-21E4-48AD-8CFE-AA3CBFFCB5AF}.Release|Any CPU.Build.0 = Release|Any CPU
	EndGlobalSection
	GlobalSection(SolutionProperties) = preSolution
		HideSolutionNode = FALSE
	EndGlobalSection
	GlobalSection(ExtensibilityGlobals) = postSolution
		SolutionGuid = {29F07EAE-F6C4-4E0E-BE4A-10DC84B17841}
	EndGlobalSection
EndGlobal
